<?xml version="1.0" encoding="utf-8"?>
<Project ToolsVersion="4.0" xmlns="http://schemas.microsoft.com/developer/msbuild/2003">
  <ItemGroup>
    <Filter Include="ComponentsPanel">
      <UniqueIdentifier>{BB524238-27DE-AFFC-30EF-32F19CF90BFD}</UniqueIdentifier>
    </Filter>
    <Filter Include="Helpers">
      <UniqueIdentifier>{D8389B9D-4418-1A39-4D30-A50FB98E809A}</UniqueIdentifier>
    </Filter>
    <Filter Include="Misc">
      <UniqueIdentifier>{9116897C-7D4D-8A0D-263A-70101250060F}</UniqueIdentifier>
    </Filter>
    <Filter Include="Panels">
      <UniqueIdentifier>{A80D95C9-94AF-BF9F-7D6A-D3F369AB46F0}</UniqueIdentifier>
    </Filter>
    <Filter Include="Windows">
      <UniqueIdentifier>{5032B729-BC11-36C5-C529-C19B31889C26}</UniqueIdentifier>
    </Filter>
  </ItemGroup>
  <ItemGroup>
    <ClInclude Include="src\ComponentsPanel\ComponentPanel.h">
      <Filter>ComponentsPanel</Filter>
    </ClInclude>
    <ClInclude Include="src\ComponentsPanel\MaterialEditor.h">
      <Filter>ComponentsPanel</Filter>
    </ClInclude>
    <ClInclude Include="src\ComponentsPanel\ModelResourceInspector.h">
      <Filter>ComponentsPanel</Filter>
    </ClInclude>
    <ClInclude Include="src\ComponentsPanel\NetScriptPanel.h">
      <Filter>ComponentsPanel</Filter>
    </ClInclude>
    <ClInclude Include="src\ComponentsPanel\WrenScriptPanel.h">
      <Filter>ComponentsPanel</Filter>
    </ClInclude>
    <ClInclude Include="src\EditorLayer.h" />
    <ClInclude Include="src\Helpers\ImGuiHelper.h">
      <Filter>Helpers</Filter>
    </ClInclude>
    <ClInclude Include="src\Helpers\PopupHelper.h">
      <Filter>Helpers</Filter>
    </ClInclude>
    <ClInclude Include="src\Misc\ThumbnailManager.h">
      <Filter>Misc</Filter>
    </ClInclude>
    <ClInclude Include="src\Panels\AssetView.h">
      <Filter>Panels</Filter>
    </ClInclude>
    <ClInclude Include="src\Panels\Console.h">
      <Filter>Panels</Filter>
    </ClInclude>
    <ClInclude Include="src\Panels\FileSystemUI.h">
      <Filter>Panels</Filter>
    </ClInclude>
    <ClInclude Include="src\Panels\HardwareInfo.h">
      <Filter>Panels</Filter>
    </ClInclude>
    <ClInclude Include="src\Panels\ProjectSettingsPanel.h">
      <Filter>Panels</Filter>
    </ClInclude>
    <ClInclude Include="src\Panels\SceneHierarchyPanel.h">
      <Filter>Panels</Filter>
    </ClInclude>
    <ClInclude Include="src\Windows\NewProjectWindow.h">
      <Filter>Windows</Filter>
    </ClInclude>
  </ItemGroup>
  <ItemGroup>
    <ClCompile Include="src\ComponentsPanel\MaterialEditor.cpp">
      <Filter>ComponentsPanel</Filter>
    </ClCompile>
    <ClCompile Include="src\ComponentsPanel\ModelResourceInspector.cpp">
      <Filter>ComponentsPanel</Filter>
    </ClCompile>
    <ClCompile Include="src\ComponentsPanel\NetScriptPanel.cpp">
      <Filter>ComponentsPanel</Filter>
    </ClCompile>
    <ClCompile Include="src\ComponentsPanel\WrenScriptPanel.cpp">
      <Filter>ComponentsPanel</Filter>
    </ClCompile>
    <ClCompile Include="src\EditorLayer.cpp" />
    <ClCompile Include="src\HazelnutApp.cpp" />
    <ClCompile Include="src\Helpers\PopupHelper.cpp">
      <Filter>Helpers</Filter>
    </ClCompile>
    <ClCompile Include="src\Misc\ThumbnailManager.cpp">
      <Filter>Misc</Filter>
    </ClCompile>
    <ClCompile Include="src\Panels\FileSystemUI.cpp">
      <Filter>Panels</Filter>
    </ClCompile>
    <ClCompile Include="src\Panels\HardwareInfo.cpp">
      <Filter>Panels</Filter>
    </ClCompile>
    <ClCompile Include="src\Panels\ProjectSettingsPanel.cpp">
      <Filter>Panels</Filter>
    </ClCompile>
    <ClCompile Include="src\Panels\SceneHierarchyPanel.cpp">
      <Filter>Panels</Filter>
    </ClCompile>
    <ClCompile Include="src\Windows\NewProjectWindow.cpp">
      <Filter>Windows</Filter>
    </ClCompile>
  </ItemGroup>
</Project>